# This file is automatically @generated by Cargo.
# It is not intended for manual editing.
version = 4

[[package]]
name = "minmetal"
version = "0.1.0"
dependencies = [
 "minwin",
]

[[package]]
name = "minwin"
version = "0.1.0"
source = "git+https://github.com/zfphex/minwin.git#12d41a0b625c1c3476a202136733378f76868d21"
